
Microsoft Visual Studio Solution File, Format Version 12.00
# Visual Studio Version 17
Project("{8BC9CEB8-8B4A-11D0-8D11-00A0C91BC942}") = "partest", "build\partest.vcxproj", "{28D9CE9B-94B8-4D37-9DD0-D80D092FB498}"
EndProject
Global
	GlobalSection(SolutionConfigurationPlatforms) = preSolution
		dbg-c14|Win32 = dbg-c14|Win32
		dbg-c14|x64 = dbg-c14|x64
		dbg-c17|Win32 = dbg-c17|Win32
		dbg-c17|x64 = dbg-c17|x64
		dbg-c20|Win32 = dbg-c20|Win32
		dbg-c20|x64 = dbg-c20|x64
		rel-c14|Win32 = rel-c14|Win32
		rel-c14|x64 = rel-c14|x64
		rel-c17|Win32 = rel-c17|Win32
		rel-c17|x64 = rel-c17|x64
		rel-c20|Win32 = rel-c20|Win32
		rel-c20|x64 = rel-c20|x64
	EndGlobalSection
	GlobalSection(ProjectConfigurationPlatforms) = postSolution
		{28D9CE9B-94B8-4D37-9DD0-D80D092FB498}.dbg-c14|Win32.ActiveCfg = dbg-c14|Win32
		{28D9CE9B-94B8-4D37-9DD0-D80D092FB498}.dbg-c14|Win32.Build.0 = dbg-c14|Win32
		{28D9CE9B-94B8-4D37-9DD0-D80D092FB498}.dbg-c14|x64.ActiveCfg = dbg-c14|x64
		{28D9CE9B-94B8-4D37-9DD0-D80D092FB498}.dbg-c14|x64.Build.0 = dbg-c14|x64
		{28D9CE9B-94B8-4D37-9DD0-D80D092FB498}.dbg-c17|Win32.ActiveCfg = dbg-c17|Win32
		{28D9CE9B-94B8-4D37-9DD0-D80D092FB498}.dbg-c17|Win32.Build.0 = dbg-c17|Win32
		{28D9CE9B-94B8-4D37-9DD0-D80D092FB498}.dbg-c17|x64.ActiveCfg = dbg-c17|x64
		{28D9CE9B-94B8-4D37-9DD0-D80D092FB498}.dbg-c17|x64.Build.0 = dbg-c17|x64
		{28D9CE9B-94B8-4D37-9DD0-D80D092FB498}.dbg-c20|Win32.ActiveCfg = dbg-c20|Win32
		{28D9CE9B-94B8-4D37-9DD0-D80D092FB498}.dbg-c20|Win32.Build.0 = dbg-c20|Win32
		{28D9CE9B-94B8-4D37-9DD0-D80D092FB498}.dbg-c20|x64.ActiveCfg = dbg-c20|x64
		{28D9CE9B-94B8-4D37-9DD0-D80D092FB498}.dbg-c20|x64.Build.0 = dbg-c20|x64
		{28D9CE9B-94B8-4D37-9DD0-D80D092FB498}.rel-c14|Win32.ActiveCfg = rel-c14|Win32
		{28D9CE9B-94B8-4D37-9DD0-D80D092FB498}.rel-c14|Win32.Build.0 = rel-c14|Win32
		{28D9CE9B-94B8-4D37-9DD0-D80D092FB498}.rel-c14|x64.ActiveCfg = rel-c14|x64
		{28D9CE9B-94B8-4D37-9DD0-D80D092FB498}.rel-c14|x64.Build.0 = rel-c14|x64
		{28D9CE9B-94B8-4D37-9DD0-D80D092FB498}.rel-c17|Win32.ActiveCfg = rel-c17|Win32
		{28D9CE9B-94B8-4D37-9DD0-D80D092FB498}.rel-c17|Win32.Build.0 = rel-c17|Win32
		{28D9CE9B-94B8-4D37-9DD0-D80D092FB498}.rel-c17|x64.ActiveCfg = rel-c17|x64
		{28D9CE9B-94B8-4D37-9DD0-D80D092FB498}.rel-c17|x64.Build.0 = rel-c17|x64
		{28D9CE9B-94B8-4D37-9DD0-D80D092FB498}.rel-c20|Win32.ActiveCfg = rel-c20|Win32
		{28D9CE9B-94B8-4D37-9DD0-D80D092FB498}.rel-c20|Win32.Build.0 = rel-c20|Win32
		{28D9CE9B-94B8-4D37-9DD0-D80D092FB498}.rel-c20|x64.ActiveCfg = rel-c20|x64
		{28D9CE9B-94B8-4D37-9DD0-D80D092FB498}.rel-c20|x64.Build.0 = rel-c20|x64
	EndGlobalSection
	GlobalSection(SolutionProperties) = preSolution
		HideSolutionNode = FALSE
	EndGlobalSection
EndGlobal
